
Microsoft Visual Studio Solution File, Format Version 12.00
# Visual Studio 15
VisualStudioVersion = 15.0.28307.572
MinimumVisualStudioVersion = 10.0.40219.1
Project("{FAE04EC0-301F-11D3-BF4B-00C04F79EFBC}") = "stringpractice", "stringpractice\stringpractice.csproj", "{6EC14231-EA8F-4CB0-B46F-9B9802849C5C}"
EndProject
Global
	GlobalSection(SolutionConfigurationPlatforms) = preSolution
		Debug|Any CPU = Debug|Any CPU
		Release|Any CPU = Release|Any CPU
	EndGlobalSection
	GlobalSection(ProjectConfigurationPlatforms) = postSolution
		{6EC14231-EA8F-4CB0-B46F-9B9802849C5C}.Debug|Any CPU.ActiveCfg = Debug|Any CPU
		{6EC14231-EA8F-4CB0-B46F-9B9802849C5C}.Debug|Any CPU.Build.0 = Debug|Any CPU
		{6EC14231-EA8F-4CB0-B46F-9B9802849C5C}.Release|Any CPU.ActiveCfg = Release|Any CPU
		{6EC14231-EA8F-4CB0-B46F-9B9802849C5C}.Release|Any CPU.Build.0 = Release|Any CPU
	EndGlobalSection
	GlobalSection(SolutionProperties) = preSolution
		HideSolutionNode = FALSE
	EndGlobalSection
	GlobalSection(ExtensibilityGlobals) = postSolution
		SolutionGuid = {D3EDCE09-7D0D-4CF3-90C0-911843F8C2C5}
	EndGlobalSection
EndGlobal
